
Microsoft Visual Studio Solution File, Format Version 12.00
# Visual Studio Version 16
VisualStudioVersion = 16.0.31624.102
MinimumVisualStudioVersion = 10.0.40219.1
Project("{FAE04EC0-301F-11D3-BF4B-00C04F79EFBC}") = "ConsoleAppDESArray", "ConsoleAppDESArray.csproj", "{9B53CB6C-B767-46E5-9575-76A3C988A1DA}"
EndProject
Global
	GlobalSection(SolutionConfigurationPlatforms) = preSolution
		Debug|Any CPU = Debug|Any CPU
		Release|Any CPU = Release|Any CPU
	EndGlobalSection
	GlobalSection(ProjectConfigurationPlatforms) = postSolution
		{9B53CB6C-B767-46E5-9575-76A3C988A1DA}.Debug|Any CPU.ActiveCfg = Debug|Any CPU
		{9B53CB6C-B767-46E5-9575-76A3C988A1DA}.Debug|Any CPU.Build.0 = Debug|Any CPU
		{9B53CB6C-B767-46E5-9575-76A3C988A1DA}.Release|Any CPU.ActiveCfg = Release|Any CPU
		{9B53CB6C-B767-46E5-9575-76A3C988A1DA}.Release|Any CPU.Build.0 = Release|Any CPU
	EndGlobalSection
	GlobalSection(SolutionProperties) = preSolution
		HideSolutionNode = FALSE
	EndGlobalSection
	GlobalSection(ExtensibilityGlobals) = postSolution
		SolutionGuid = {2A4656B6-A090-42A3-BDB2-E538B636F6E9}
	EndGlobalSection
EndGlobal
